
Microsoft Visual Studio Solution File, Format Version 12.00
# Visual Studio Version 17
VisualStudioVersion = 17.1.32210.238
MinimumVisualStudioVersion = 10.0.40219.1
Project("{9A19103F-16F7-4668-BE54-9A1E7A4F7556}") = "Lesson2", "Lesson2\Lesson2.csproj", "{529800A6-7D29-4E17-B817-D83460FB44D1}"
EndProject
Project("{9A19103F-16F7-4668-BE54-9A1E7A4F7556}") = "MetricsManagerTest", "MetricsManagerTest\MetricsManagerTest.csproj", "{79F43235-082E-4EF2-959A-654A6AB44559}"
EndProject
Project("{FAE04EC0-301F-11D3-BF4B-00C04F79EFBC}") = "MetricsAgent", "MetricsAgent\MetricsAgent.csproj", "{D3E4D42A-A79E-493B-A656-C92E2204BF8A}"
EndProject
Global
	GlobalSection(SolutionConfigurationPlatforms) = preSolution
		Debug|Any CPU = Debug|Any CPU
		Release|Any CPU = Release|Any CPU
	EndGlobalSection
	GlobalSection(ProjectConfigurationPlatforms) = postSolution
		{529800A6-7D29-4E17-B817-D83460FB44D1}.Debug|Any CPU.ActiveCfg = Debug|Any CPU
		{529800A6-7D29-4E17-B817-D83460FB44D1}.Debug|Any CPU.Build.0 = Debug|Any CPU
		{529800A6-7D29-4E17-B817-D83460FB44D1}.Release|Any CPU.ActiveCfg = Release|Any CPU
		{529800A6-7D29-4E17-B817-D83460FB44D1}.Release|Any CPU.Build.0 = Release|Any CPU
		{79F43235-082E-4EF2-959A-654A6AB44559}.Debug|Any CPU.ActiveCfg = Debug|Any CPU
		{79F43235-082E-4EF2-959A-654A6AB44559}.Debug|Any CPU.Build.0 = Debug|Any CPU
		{79F43235-082E-4EF2-959A-654A6AB44559}.Release|Any CPU.ActiveCfg = Release|Any CPU
		{79F43235-082E-4EF2-959A-654A6AB44559}.Release|Any CPU.Build.0 = Release|Any CPU
		{D3E4D42A-A79E-493B-A656-C92E2204BF8A}.Debug|Any CPU.ActiveCfg = Debug|Any CPU
		{D3E4D42A-A79E-493B-A656-C92E2204BF8A}.Debug|Any CPU.Build.0 = Debug|Any CPU
		{D3E4D42A-A79E-493B-A656-C92E2204BF8A}.Release|Any CPU.ActiveCfg = Release|Any CPU
		{D3E4D42A-A79E-493B-A656-C92E2204BF8A}.Release|Any CPU.Build.0 = Release|Any CPU
	EndGlobalSection
	GlobalSection(SolutionProperties) = preSolution
		HideSolutionNode = FALSE
	EndGlobalSection
	GlobalSection(ExtensibilityGlobals) = postSolution
		SolutionGuid = {E4048F19-FAC2-4684-9ADB-6D2EBE837760}
	EndGlobalSection
EndGlobal
